// !$*UTF8*$!
{
	archiveVersion = 1;
	classes = {
	};
	objectVersion = 46;
	objects = {

/* Begin PBXBuildFile section */
		42F6FBE31C46E56300AE7C14 /* main.m in Sources */ = {isa = PBXBuildFile; fileRef = 42F6FBE21C46E56300AE7C14 /* main.m */; };
		42F6FBE61C46E56300AE7C14 /* AppDelegate.m in Sources */ = {isa = PBXBuildFile; fileRef = 42F6FBE51C46E56300AE7C14 /* AppDelegate.m */; };
		42F6FBE91C46E56300AE7C14 /* ViewController.m in Sources */ = {isa = PBXBuildFile; fileRef = 42F6FBE81C46E56300AE7C14 /* ViewController.m */; };
		42F6FBEC1C46E56300AE7C14 /* Main.storyboard in Resources */ = {isa = PBXBuildFile; fileRef = 42F6FBEA1C46E56300AE7C14 /* Main.storyboard */; };
		42F6FBEE1C46E56300AE7C14 /* Assets.xcassets in Resources */ = {isa = PBXBuildFile; fileRef = 42F6FBED1C46E56300AE7C14 /* Assets.xcassets */; };
		42F6FBF11C46E56300AE7C14 /* LaunchScreen.storyboard in Resources */ = {isa = PBXBuildFile; fileRef = 42F6FBEF1C46E56300AE7C14 /* LaunchScreen.storyboard */; };
		42F6FBFC1C46E56300AE7C14 /* Lab1Tests.m in Sources */ = {isa = PBXBuildFile; fileRef = 42F6FBFB1C46E56300AE7C14 /* Lab1Tests.m */; };
		42F6FC071C46E56300AE7C14 /* Lab1UITests.m in Sources */ = {isa = PBXBuildFile; fileRef = 42F6FC061C46E56300AE7C14 /* Lab1UITests.m */; };
/* End PBXBuildFile section */

/* Begin PBXContainerItemProxy section */
		42F6FBF81C46E56300AE7C14 /* PBXContainerItemProxy */ = {
			isa = PBXContainerItemProxy;
			containerPortal = 42F6FBD61C46E56300AE7C14 /* Project object */;
			proxyType = 1;
			remoteGlobalIDString = 42F6FBDD1C46E56300AE7C14;
			remoteInfo = Lab1;
		};
		42F6FC031C46E56300AE7C14 /* PBXContainerItemProxy */ = {
			isa = PBXContainerItemProxy;
			containerPortal = 42F6FBD61C46E56300AE7C14 /* Project object */;
			proxyType = 1;
			remoteGlobalIDString = 42F6FBDD1C46E56300AE7C14;
			remoteInfo = Lab1;
		};
/* End PBXContainerItemProxy section */

/* Begin PBXFileReference section */
		42F6FBDE1C46E56300AE7C14 /* Lab1.app */ = {isa = PBXFileReference; explicitFileType = wrapper.application; includeInIndex = 0; path = Lab1.app; sourceTree = BUILT_PRODUCTS_DIR; };
		42F6FBE21C46E56300AE7C14 /* main.m */ = {isa = PBXFileReference; lastKnownFileType = sourcecode.c.objc; path = main.m; sourceTree = "<group>"; };
		42F6FBE41C46E56300AE7C14 /* AppDelegate.h */ = {isa = PBXFileReference; lastKnownFileType = sourcecode.c.h; path = AppDelegate.h; sourceTree = "<group>"; };
		42F6FBE51C46E56300AE7C14 /* AppDelegate.m */ = {isa = PBXFileReference; lastKnownFileType = sourcecode.c.objc; path = AppDelegate.m; sourceTree = "<group>"; };
		42F6FBE71C46E56300AE7C14 /* ViewController.h */ = {isa = PBXFileReference; lastKnownFileType = sourcecode.c.h; path = ViewController.h; sourceTree = "<group>"; };
		42F6FBE81C46E56300AE7C14 /* ViewController.m */ = {isa = PBXFileReference; lastKnownFileType = sourcecode.c.objc; path = ViewController.m; sourceTree = "<group>"; };
		42F6FBEB1C46E56300AE7C14 /* Base */ = {isa = PBXFileReference; lastKnownFileType = file.storyboard; name = Base; path = Base.lproj/Main.storyboard; sourceTree = "<group>"; };
		42F6FBED1C46E56300AE7C14 /* Assets.xcassets */ = {isa = PBXFileReference; lastKnownFileType = folder.assetcatalog; path = Assets.xcassets; sourceTree = "<group>"; };
		42F6FBF01C46E56300AE7C14 /* Base */ = {isa = PBXFileReference; lastKnownFileType = file.storyboard; name = Base; path = Base.lproj/LaunchScreen.storyboard; sourceTree = "<group>"; };
		42F6FBF21C46E56300AE7C14 /* Info.plist */ = {isa = PBXFileReference; lastKnownFileType = text.plist.xml; path = Info.plist; sourceTree = "<group>"; };
		42F6FBF71C46E56300AE7C14 /* Lab1Tests.xctest */ = {isa = PBXFileReference; explicitFileType = wrapper.cfbundle; includeInIndex = 0; path = Lab1Tests.xctest; sourceTree = BUILT_PRODUCTS_DIR; };
		42F6FBFB1C46E56300AE7C14 /* Lab1Tests.m */ = {isa = PBXFileReference; lastKnownFileType = sourcecode.c.objc; path = Lab1Tests.m; sourceTree = "<group>"; };
		42F6FBFD1C46E56300AE7C14 /* Info.plist */ = {isa = PBXFileReference; lastKnownFileType = text.plist.xml; path = Info.plist; sourceTree = "<group>"; };
		42F6FC021C46E56300AE7C14 /* Lab1UITests.xctest */ = {isa = PBXFileReference; explicitFileType = wrapper.cfbundle; includeInIndex = 0; path = Lab1UITests.xctest; sourceTree = BUILT_PRODUCTS_DIR; };
		42F6FC061C46E56300AE7C14 /* Lab1UITests.m */ = {isa = PBXFileReference; lastKnownFileType = sourcecode.c.objc; path = Lab1UITests.m; sourceTree = "<group>"; };
		42F6FC081C46E56300AE7C14 /* Info.plist */ = {isa = PBXFileReference; lastKnownFileType = text.plist.xml; path = Info.plist; sourceTree = "<group>"; };
/* End PBXFileReference section */

/* Begin PBXFrameworksBuildPhase section */
		42F6FBDB1C46E56300AE7C14 /* Frameworks */ = {
			isa = PBXFrameworksBuildPhase;
			buildActionMask = 2147483647;
			files = (
			);
			runOnlyForDeploymentPostprocessing = 0;
		};
		42F6FBF41C46E56300AE7C14 /* Frameworks */ = {
			isa = PBXFrameworksBuildPhase;
			buildActionMask = 2147483647;
			files = (
			);
			runOnlyForDeploymentPostprocessing = 0;
		};
		42F6FBFF1C46E56300AE7C14 /* Frameworks */ = {
			isa = PBXFrameworksBuildPhase;
			buildActionMask = 2147483647;
			files = (
			);
			runOnlyForDeploymentPostprocessing = 0;
		};
/* End PBXFrameworksBuildPhase section */

/* Begin PBXGroup section */
		42F6FBD51C46E56300AE7C14 = {
			isa = PBXGroup;
			children = (
				42F6FBE01C46E56300AE7C14 /* Lab1 */,
				42F6FBFA1C46E56300AE7C14 /* Lab1Tests */,
				42F6FC051C46E56300AE7C14 /* Lab1UITests */,
				42F6FBDF1C46E56300AE7C14 /* Products */,
			);
			sourceTree = "<group>";
		};
		42F6FBDF1C46E56300AE7C14 /* Products */ = {
			isa = PBXGroup;
			children = (
				42F6FBDE1C46E56300AE7C14 /* Lab1.app */,
				42F6FBF71C46E56300AE7C14 /* Lab1Tests.xctest */,
				42F6FC021C46E56300AE7C14 /* Lab1UITests.xctest */,
			);
			name = Products;
			sourceTree = "<group>";
		};
		42F6FBE01C46E56300AE7C14 /* Lab1 */ = {
			isa = PBXGroup;
			children = (
				42F6FBE71C46E56300AE7C14 /* ViewController.h */,
				42F6FBE81C46E56300AE7C14 /* ViewController.m */,
				42F6FBEA1C46E56300AE7C14 /* Main.storyboard */,
				42F6FBED1C46E56300AE7C14 /* Assets.xcassets */,
				42F6FBEF1C46E56300AE7C14 /* LaunchScreen.storyboard */,
				42F6FBF21C46E56300AE7C14 /* Info.plist */,
				42F6FBE11C46E56300AE7C14 /* Supporting Files */,
			);
			path = Lab1;
			sourceTree = "<group>";
		};
		42F6FBE11C46E56300AE7C14 /* Supporting Files */ = {
			isa = PBXGroup;
			children = (
				42F6FBE41C46E56300AE7C14 /* AppDelegate.h */,
				42F6FBE51C46E56300AE7C14 /* AppDelegate.m */,
				42F6FBE21C46E56300AE7C14 /* main.m */,
			);
			name = "Supporting Files";
			sourceTree = "<group>";
		};
		42F6FBFA1C46E56300AE7C14 /* Lab1Tests */ = {
			isa = PBXGroup;
			children = (
				42F6FBFB1C46E56300AE7C14 /* Lab1Tests.m */,
				42F6FBFD1C46E56300AE7C14 /* Info.plist */,
			);
			path = Lab1Tests;
			sourceTree = "<group>";
		};
		42F6FC051C46E56300AE7C14 /* Lab1UITests */ = {
			isa = PBXGroup;
			children = (
				42F6FC061C46E56300AE7C14 /* Lab1UITests.m */,
				42F6FC081C46E56300AE7C14 /* Info.plist */,
			);
			path = Lab1UITests;
			sourceTree = "<group>";
		};
/* End PBXGroup section */

/* Begin PBXNativeTarget section */
		42F6FBDD1C46E56300AE7C14 /* Lab1 */ = {
			isa = PBXNativeTarget;
			buildConfigurationList = 42F6FC0B1C46E56300AE7C14 /* Build configuration list for PBXNativeTarget "Lab1" */;
			buildPhases = (
				42F6FBDA1C46E56300AE7C14 /* Sources */,
				42F6FBDB1C46E56300AE7C14 /* Frameworks */,
				42F6FBDC1C46E56300AE7C14 /* Resources */,
			);
			buildRules = (
			);
			dependencies = (
			);
			name = Lab1;
			productName = Lab1;
			productReference = 42F6FBDE1C46E56300AE7C14 /* Lab1.app */;
			productType = "com.apple.product-type.application";
		};
		42F6FBF61C46E56300AE7C14 /* Lab1Tests */ = {
			isa = PBXNativeTarget;
			buildConfigurationList = 42F6FC0E1C46E56300AE7C14 /* Build configuration list for PBXNativeTarget "Lab1Tests" */;
			buildPhases = (
				42F6FBF31C46E56300AE7C14 /* Sources */,
				42F6FBF41C46E56300AE7C14 /* Frameworks */,
				42F6FBF51C46E56300AE7C14 /* Resources */,
			);
			buildRules = (
			);
			dependencies = (
				42F6FBF91C46E56300AE7C14 /* PBXTargetDependency */,
			);
			name = Lab1Tests;
			productName = Lab1Tests;
			productReference = 42F6FBF71C46E56300AE7C14 /* Lab1Tests.xctest */;
			productType = "com.apple.product-type.bundle.unit-test";
		};
		42F6FC011C46E56300AE7C14 /* Lab1UITests */ = {
			isa = PBXNativeTarget;
			buildConfigurationList = 42F6FC111C46E56300AE7C14 /* Build configuration list for PBXNativeTarget "Lab1UITests" */;
			buildPhases = (
				42F6FBFE1C46E56300AE7C14 /* Sources */,
				42F6FBFF1C46E56300AE7C14 /* Frameworks */,
				42F6FC001C46E56300AE7C14 /* Resources */,
			);
			buildRules = (
			);
			dependencies = (
				42F6FC041C46E56300AE7C14 /* PBXTargetDependency */,
			);
			name = Lab1UITests;
			productName = Lab1UITests;
			productReference = 42F6FC021C46E56300AE7C14 /* Lab1UITests.xctest */;
			productType = "com.apple.product-type.bundle.ui-testing";
		};
/* End PBXNativeTarget section */

/* Begin PBXProject section */
		42F6FBD61C46E56300AE7C14 /* Project object */ = {
			isa = PBXProject;
			attributes = {
				LastUpgradeCheck = 0720;
				ORGANIZATIONNAME = "Colin Cammarano";
				TargetAttributes = {
					42F6FBDD1C46E56300AE7C14 = {
						CreatedOnToolsVersion = 7.2;
					};
					42F6FBF61C46E56300AE7C14 = {
						CreatedOnToolsVersion = 7.2;
						TestTargetID = 42F6FBDD1C46E56300AE7C14;
					};
					42F6FC011C46E56300AE7C14 = {
						CreatedOnToolsVersion = 7.2;
						TestTargetID = 42F6FBDD1C46E56300AE7C14;
					};
				};
			};
			buildConfigurationList = 42F6FBD91C46E56300AE7C14 /* Build configuration list for PBXProject "Lab1" */;
			compatibilityVersion = "Xcode 3.2";
			developmentRegion = English;
			hasScannedForEncodings = 0;
			knownRegions = (
				en,
				Base,
			);
			mainGroup = 42F6FBD51C46E56300AE7C14;
			productRefGroup = 42F6FBDF1C46E56300AE7C14 /* Products */;
			projectDirPath = "";
			projectRoot = "";
			targets = (
				42F6FBDD1C46E56300AE7C14 /* Lab1 */,
				42F6FBF61C46E56300AE7C14 /* Lab1Tests */,
				42F6FC011C46E56300AE7C14 /* Lab1UITests */,
			);
		};
/* End PBXProject section */

/* Begin PBXResourcesBuildPhase section */
		42F6FBDC1C46E56300AE7C14 /* Resources */ = {
			isa = PBXResourcesBuildPhase;
			buildActionMask = 2147483647;
			files = (
				42F6FBF11C46E56300AE7C14 /* LaunchScreen.storyboard in Resources */,
				42F6FBEE1C46E56300AE7C14 /* Assets.xcassets in Resources */,
				42F6FBEC1C46E56300AE7C14 /* Main.storyboard in Resources */,
			);
			runOnlyForDeploymentPostprocessing = 0;
		};
		42F6FBF51C46E56300AE7C14 /* Resources */ = {
			isa = PBXResourcesBuildPhase;
			buildActionMask = 2147483647;
			files = (
			);
			runOnlyForDeploymentPostprocessing = 0;
		};
		42F6FC001C46E56300AE7C14 /* Resources */ = {
			isa = PBXResourcesBuildPhase;
			buildActionMask = 2147483647;
			files = (
			);
			runOnlyForDeploymentPostprocessing = 0;
		};
/* End PBXResourcesBuildPhase section */

/* Begin PBXSourcesBuildPhase section */
		42F6FBDA1C46E56300AE7C14 /* Sources */ = {
			isa = PBXSourcesBuildPhase;
			buildActionMask = 2147483647;
			files = (
				42F6FBE91C46E56300AE7C14 /* ViewController.m in Sources */,
				42F6FBE61C46E56300AE7C14 /* AppDelegate.m in Sources */,
				42F6FBE31C46E56300AE7C14 /* main.m in Sources */,
			);
			runOnlyForDeploymentPostprocessing = 0;
		};
		42F6FBF31C46E56300AE7C14 /* Sources */ = {
			isa = PBXSourcesBuildPhase;
			buildActionMask = 2147483647;
			files = (
				42F6FBFC1C46E56300AE7C14 /* Lab1Tests.m in Sources */,
			);
			runOnlyForDeploymentPostprocessing = 0;
		};
		42F6FBFE1C46E56300AE7C14 /* Sources */ = {
			isa = PBXSourcesBuildPhase;
			buildActionMask = 2147483647;
			files = (
				42F6FC071C46E56300AE7C14 /* Lab1UITests.m in Sources */,
			);
			runOnlyForDeploymentPostprocessing = 0;
		};
/* End PBXSourcesBuildPhase section */

/* Begin PBXTargetDependency section */
		42F6FBF91C46E56300AE7C14 /* PBXTargetDependency */ = {
			isa = PBXTargetDependency;
			target = 42F6FBDD1C46E56300AE7C14 /* Lab1 */;
			targetProxy = 42F6FBF81C46E56300AE7C14 /* PBXContainerItemProxy */;
		};
		42F6FC041C46E56300AE7C14 /* PBXTargetDependency */ = {
			isa = PBXTargetDependency;
			target = 42F6FBDD1C46E56300AE7C14 /* Lab1 */;
			targetProxy = 42F6FC031C46E56300AE7C14 /* PBXContainerItemProxy */;
		};
/* End PBXTargetDependency section */

/* Begin PBXVariantGroup section */
		42F6FBEA1C46E56300AE7C14 /* Main.storyboard */ = {
			isa = PBXVariantGroup;
			children = (
				42F6FBEB1C46E56300AE7C14 /* Base */,
			);
			name = Main.storyboard;
			sourceTree = "<group>";
		};
		42F6FBEF1C46E56300AE7C14 /* LaunchScreen.storyboard */ = {
			isa = PBXVariantGroup;
			children = (
				42F6FBF01C46E56300AE7C14 /* Base */,
			);
			name = LaunchScreen.storyboard;
			sourceTree = "<group>";
		};
/* End PBXVariantGroup section */

/* Begin XCBuildConfiguration section */
		42F6FC091C46E56300AE7C14 /* Debug */ = {
			isa = XCBuildConfiguration;
			buildSettings = {
				ALWAYS_SEARCH_USER_PATHS = NO;
				CLANG_CXX_LANGUAGE_STANDARD = "gnu++0x";
				CLANG_CXX_LIBRARY = "libc++";
				CLANG_ENABLE_MODULES = YES;
				CLANG_ENABLE_OBJC_ARC = YES;
				CLANG_WARN_BOOL_CONVERSION = YES;
				CLANG_WARN_CONSTANT_CONVERSION = YES;
				CLANG_WARN_DIRECT_OBJC_ISA_USAGE = YES_ERROR;
				CLANG_WARN_EMPTY_BODY = YES;
				CLANG_WARN_ENUM_CONVERSION = YES;
				CLANG_WARN_INT_CONVERSION = YES;
				CLANG_WARN_OBJC_ROOT_CLASS = YES_ERROR;
				CLANG_WARN_UNREACHABLE_CODE = YES;
				CLANG_WARN__DUPLICATE_METHOD_MATCH = YES;
				"CODE_SIGN_IDENTITY[sdk=iphoneos*]" = "iPhone Developer";
				COPY_PHASE_STRIP = NO;
				DEBUG_INFORMATION_FORMAT = dwarf;
				ENABLE_STRICT_OBJC_MSGSEND = YES;
				ENABLE_TESTABILITY = YES;
				GCC_C_LANGUAGE_STANDARD = gnu99;
				GCC_DYNAMIC_NO_PIC = NO;
				GCC_NO_COMMON_BLOCKS = YES;
				GCC_OPTIMIZATION_LEVEL = 0;
				GCC_PREPROCESSOR_DEFINITIONS = (
					"DEBUG=1",
					"$(inherited)",
				);
				GCC_WARN_64_TO_32_BIT_CONVERSION = YES;
				GCC_WARN_ABOUT_RETURN_TYPE = YES_ERROR;
				GCC_WARN_UNDECLARED_SELECTOR = YES;
				GCC_WARN_UNINITIALIZED_AUTOS = YES_AGGRESSIVE;
				GCC_WARN_UNUSED_FUNCTION = YES;
				GCC_WARN_UNUSED_VARIABLE = YES;
				IPHONEOS_DEPLOYMENT_TARGET = 9.2;
				MTL_ENABLE_DEBUG_INFO = YES;
				ONLY_ACTIVE_ARCH = YES;
				SDKROOT = iphoneos;
			};
			name = Debug;
		};
		42F6FC0A1C46E56300AE7C14 /* Release */ = {
			isa = XCBuildConfiguration;
			buildSettings = {
				ALWAYS_SEARCH_USER_PATHS = NO;
				CLANG_CXX_LANGUAGE_STANDARD = "gnu++0x";
				CLANG_CXX_LIBRARY = "libc++";
				CLANG_ENABLE_MODULES = YES;
				CLANG_ENABLE_OBJC_ARC = YES;
				CLANG_WARN_BOOL_CONVERSION = YES;
				CLANG_WARN_CONSTANT_CONVERSION = YES;
				CLANG_WARN_DIRECT_OBJC_ISA_USAGE = YES_ERROR;
				CLANG_WARN_EMPTY_BODY = YES;
				CLANG_WARN_ENUM_CONVERSION = YES;
				CLANG_WARN_INT_CONVERSION = YES;
				CLANG_WARN_OBJC_ROOT_CLASS = YES_ERROR;
				CLANG_WARN_UNREACHABLE_CODE = YES;
				CLANG_WARN__DUPLICATE_METHOD_MATCH = YES;
				"CODE_SIGN_IDENTITY[sdk=iphoneos*]" = "iPhone Developer";
				COPY_PHASE_STRIP = NO;
				DEBUG_INFORMATION_FORMAT = "dwarf-with-dsym";
				ENABLE_NS_ASSERTIONS = NO;
				ENABLE_STRICT_OBJC_MSGSEND = YES;
				GCC_C_LANGUAGE_STANDARD = gnu99;
				GCC_NO_COMMON_BLOCKS = YES;
				GCC_WARN_64_TO_32_BIT_CONVERSION = YES;
				GCC_WARN_ABOUT_RETURN_TYPE = YES_ERROR;
				GCC_WARN_UNDECLARED_SELECTOR = YES;
				GCC_WARN_UNINITIALIZED_AUTOS = YES_AGGRESSIVE;
				GCC_WARN_UNUSED_FUNCTION = YES;
				GCC_WARN_UNUSED_VARIABLE = YES;
				IPHONEOS_DEPLOYMENT_TARGET = 9.2;
				MTL_ENABLE_DEBUG_INFO = NO;
				SDKROOT = iphoneos;
				VALIDATE_PRODUCT = YES;
			};
			name = Release;
		};
		42F6FC0C1C46E56300AE7C14 /* Debug */ = {
			isa = XCBuildConfiguration;
			buildSettings = {
				ASSETCATALOG_COMPILER_APPICON_NAME = AppIcon;
				INFOPLIST_FILE = Lab1/Info.plist;
				LD_RUNPATH_SEARCH_PATHS = "$(inherited) @executable_path/Frameworks";
				PRODUCT_BUNDLE_IDENTIFIER = edu.usc.Lab1;
				PRODUCT_NAME = "$(TARGET_NAME)";
			};
			name = Debug;
		};
		42F6FC0D1C46E56300AE7C14 /* Release */ = {
			isa = XCBuildConfiguration;
			buildSettings = {
				ASSETCATALOG_COMPILER_APPICON_NAME = AppIcon;
				INFOPLIST_FILE = Lab1/Info.plist;
				LD_RUNPATH_SEARCH_PATHS = "$(inherited) @executable_path/Frameworks";
				PRODUCT_BUNDLE_IDENTIFIER = edu.usc.Lab1;
				PRODUCT_NAME = "$(TARGET_NAME)";
			};
			name = Release;
		};
		42F6FC0F1C46E56300AE7C14 /* Debug */ = {
			isa = XCBuildConfiguration;
			buildSettings = {
				BUNDLE_LOADER = "$(TEST_HOST)";
				INFOPLIST_FILE = Lab1Tests/Info.plist;
				LD_RUNPATH_SEARCH_PATHS = "$(inherited) @executable_path/Frameworks @loader_path/Frameworks";
				PRODUCT_BUNDLE_IDENTIFIER = com.cmcammarano.Lab1Tests;
				PRODUCT_NAME = "$(TARGET_NAME)";
				TEST_HOST = "$(BUILT_PRODUCTS_DIR)/Lab1.app/Lab1";
			};
			name = Debug;
		};
		42F6FC101C46E56300AE7C14 /* Release */ = {
			isa = XCBuildConfiguration;
			buildSettings = {
				BUNDLE_LOADER = "$(TEST_HOST)";
				INFOPLIST_FILE = Lab1Tests/Info.plist;
				LD_RUNPATH_SEARCH_PATHS = "$(inherited) @executable_path/Frameworks @loader_path/Frameworks";
				PRODUCT_BUNDLE_IDENTIFIER = com.cmcammarano.Lab1Tests;
				PRODUCT_NAME = "$(TARGET_NAME)";
				TEST_HOST = "$(BUILT_PRODUCTS_DIR)/Lab1.app/Lab1";
			};
			name = Release;
		};
		42F6FC121C46E56300AE7C14 /* Debug */ = {
			isa = XCBuildConfiguration;
			buildSettings = {
				INFOPLIST_FILE = Lab1UITests/Info.plist;
				LD_RUNPATH_SEARCH_PATHS = "$(inherited) @executable_path/Frameworks @loader_path/Frameworks";
				PRODUCT_BUNDLE_IDENTIFIER = com.cmcammarano.Lab1UITests;
				PRODUCT_NAME = "$(TARGET_NAME)";
				TEST_TARGET_NAME = Lab1;
				USES_XCTRUNNER = YES;
			};
			name = Debug;
		};
		42F6FC131C46E56300AE7C14 /* Release */ = {
			isa = XCBuildConfiguration;
			buildSettings = {
				INFOPLIST_FILE = Lab1UITests/Info.plist;
				LD_RUNPATH_SEARCH_PATHS = "$(inherited) @executable_path/Frameworks @loader_path/Frameworks";
				PRODUCT_BUNDLE_IDENTIFIER = com.cmcammarano.Lab1UITests;
				PRODUCT_NAME = "$(TARGET_NAME)";
				TEST_TARGET_NAME = Lab1;
				USES_XCTRUNNER = YES;
			};
			name = Release;
		};
/* End XCBuildConfiguration section */

/* Begin XCConfigurationList section */
		42F6FBD91C46E56300AE7C14 /* Build configuration list for PBXProject "Lab1" */ = {
			isa = XCConfigurationList;
			buildConfigurations = (
				42F6FC091C46E56300AE7C14 /* Debug */,
				42F6FC0A1C46E56300AE7C14 /* Release */,
			);
			defaultConfigurationIsVisible = 0;
			defaultConfigurationName = Release;
		};
		42F6FC0B1C46E56300AE7C14 /* Build configuration list for PBXNativeTarget "Lab1" */ = {
			isa = XCConfigurationList;
			buildConfigurations = (
				42F6FC0C1C46E56300AE7C14 /* Debug */,
				42F6FC0D1C46E56300AE7C14 /* Release */,
			);
			defaultConfigurationIsVisible = 0;
		};
		42F6FC0E1C46E56300AE7C14 /* Build configuration list for PBXNativeTarget "Lab1Tests" */ = {
			isa = XCConfigurationList;
			buildConfigurations = (
				42F6FC0F1C46E56300AE7C14 /* Debug */,
				42F6FC101C46E56300AE7C14 /* Release */,
			);
			defaultConfigurationIsVisible = 0;
		};
		42F6FC111C46E56300AE7C14 /* Build configuration list for PBXNativeTarget "Lab1UITests" */ = {
			isa = XCConfigurationList;
			buildConfigurations = (
				42F6FC121C46E56300AE7C14 /* Debug */,
				42F6FC131C46E56300AE7C14 /* Release */,
			);
			defaultConfigurationIsVisible = 0;
		};
/* End XCConfigurationList section */
	};
	rootObject = 42F6FBD61C46E56300AE7C14 /* Project object */;
}
